
Microsoft Visual Studio Solution File, Format Version 12.00
# Visual Studio Version 17
VisualStudioVersion = 17.0.32112.339
MinimumVisualStudioVersion = 10.0.40219.1
Project("{FAE04EC0-301F-11D3-BF4B-00C04F79EFBC}") = "IoC", "IoC\IoC.csproj", "{9280B06F-8209-470B-9EDE-2F1AA513F1DC}"
EndProject
Global
	GlobalSection(SolutionConfigurationPlatforms) = preSolution
		Debug|Any CPU = Debug|Any CPU
		Release|Any CPU = Release|Any CPU
	EndGlobalSection
	GlobalSection(ProjectConfigurationPlatforms) = postSolution
		{9280B06F-8209-470B-9EDE-2F1AA513F1DC}.Debug|Any CPU.ActiveCfg = Debug|Any CPU
		{9280B06F-8209-470B-9EDE-2F1AA513F1DC}.Debug|Any CPU.Build.0 = Debug|Any CPU
		{9280B06F-8209-470B-9EDE-2F1AA513F1DC}.Release|Any CPU.ActiveCfg = Release|Any CPU
		{9280B06F-8209-470B-9EDE-2F1AA513F1DC}.Release|Any CPU.Build.0 = Release|Any CPU
	EndGlobalSection
	GlobalSection(SolutionProperties) = preSolution
		HideSolutionNode = FALSE
	EndGlobalSection
	GlobalSection(ExtensibilityGlobals) = postSolution
		SolutionGuid = {6D320164-5DF3-4C32-A3A8-B90CBA786B6D}
	EndGlobalSection
EndGlobal
